github.com/gregoryv/asserter v0.4.2 h1:uVAXr67ZnAKk6v8+vZc75DXGxE+P7AYCHvCsA7lIDS8=
github.com/gregoryv/asserter v0.4.2/go.mod h1:mJPm04j3XH8husxMfxiRd3m+5YBMZkd2UOKm5BixVXQ=
github.com/gregoryv/uptime v1.1.0 h1:YXu4PYlQ+LwCujQPehhQrDX7k5yQQ5/dK6n2hb1K3f0=
github.com/gregoryv/uptime v1.1.0/go.mod h1:F27EcGugL1ZLo6KldfbIM9+RMaC43mgg/ssjSnI2Ns0=
github.com/gregoryv/web v0.25.1 h1:81rk8RiOxAvCe4Q/ccm93+hQ3XQuj8sAFUvpuxtneLI=
github.com/gregoryv/web v0.25.1/go.mod h1:FD0+52y1Qx80q5c54AVMrhpd1qsJFjEjLn30KUxCTbA=
github.com/pmezard/go-difflib v1.0.0 h1:4DBwDE0NGyQoBHbLQYPwSUPoCMWR5BEzIk/f1lZbAQM=
github.com/pmezard/go-difflib v1.0.0/go.mod h1:iKH77koFhYxTK1pcRnkKkqfTogsbg7gZNVY4sRDYZ/4=
